
Microsoft Visual Studio Solution File, Format Version 12.00
# Visual Studio Version 17
VisualStudioVersion = 17.8.34408.163
MinimumVisualStudioVersion = 10.0.40219.1
Project("{FAE04EC0-301F-11D3-BF4B-00C04F79EFBC}") = "Lab 04-4", "Lab 04-4\Lab 04-4.csproj", "{1D131CE0-F16B-461C-959E-8E4C825B601B}"
EndProject
Global
	GlobalSection(SolutionConfigurationPlatforms) = preSolution
		Debug|Any CPU = Debug|Any CPU
		Release|Any CPU = Release|Any CPU
	EndGlobalSection
	GlobalSection(ProjectConfigurationPlatforms) = postSolution
		{1D131CE0-F16B-461C-959E-8E4C825B601B}.Debug|Any CPU.ActiveCfg = Debug|Any CPU
		{1D131CE0-F16B-461C-959E-8E4C825B601B}.Debug|Any CPU.Build.0 = Debug|Any CPU
		{1D131CE0-F16B-461C-959E-8E4C825B601B}.Release|Any CPU.ActiveCfg = Release|Any CPU
		{1D131CE0-F16B-461C-959E-8E4C825B601B}.Release|Any CPU.Build.0 = Release|Any CPU
	EndGlobalSection
	GlobalSection(SolutionProperties) = preSolution
		HideSolutionNode = FALSE
	EndGlobalSection
	GlobalSection(ExtensibilityGlobals) = postSolution
		SolutionGuid = {A6966E53-73BA-4E8D-AD49-FCB240B7AEA2}
	EndGlobalSection
EndGlobal
